// !$*UTF8*$!
{
	archiveVersion = 1;
	classes = {
	};
	objectVersion = 48;
	objects = {

/* Begin PBXBuildFile section */
		E197E35E1FA9AED10017D539 /* AppDelegate.m in Sources */ = {isa = PBXBuildFile; fileRef = E197E35D1FA9AED10017D539 /* AppDelegate.m */; };
		E197E3611FA9AED10017D539 /* ViewController.m in Sources */ = {isa = PBXBuildFile; fileRef = E197E3601FA9AED10017D539 /* ViewController.m */; };
		E197E3641FA9AED10017D539 /* Main.storyboard in Resources */ = {isa = PBXBuildFile; fileRef = E197E3621FA9AED10017D539 /* Main.storyboard */; };
		E197E3661FA9AED10017D539 /* Assets.xcassets in Resources */ = {isa = PBXBuildFile; fileRef = E197E3651FA9AED10017D539 /* Assets.xcassets */; };
		E197E3691FA9AED10017D539 /* LaunchScreen.storyboard in Resources */ = {isa = PBXBuildFile; fileRef = E197E3671FA9AED10017D539 /* LaunchScreen.storyboard */; };
		E197E36C1FA9AED10017D539 /* main.m in Sources */ = {isa = PBXBuildFile; fileRef = E197E36B1FA9AED10017D539 /* main.m */; };
		E197E3751FA9AF1A0017D539 /* AudioRecorderView.m in Sources */ = {isa = PBXBuildFile; fileRef = E197E3741FA9AF1A0017D539 /* AudioRecorderView.m */; };
/* End PBXBuildFile section */

/* Begin PBXFileReference section */
		E197E3591FA9AED10017D539 /* AudioRecorder.app */ = {isa = PBXFileReference; explicitFileType = wrapper.application; includeInIndex = 0; path = AudioRecorder.app; sourceTree = BUILT_PRODUCTS_DIR; };
		E197E35C1FA9AED10017D539 /* AppDelegate.h */ = {isa = PBXFileReference; lastKnownFileType = sourcecode.c.h; path = AppDelegate.h; sourceTree = "<group>"; };
		E197E35D1FA9AED10017D539 /* AppDelegate.m */ = {isa = PBXFileReference; lastKnownFileType = sourcecode.c.objc; path = AppDelegate.m; sourceTree = "<group>"; };
		E197E35F1FA9AED10017D539 /* ViewController.h */ = {isa = PBXFileReference; lastKnownFileType = sourcecode.c.h; path = ViewController.h; sourceTree = "<group>"; };
		E197E3601FA9AED10017D539 /* ViewController.m */ = {isa = PBXFileReference; lastKnownFileType = sourcecode.c.objc; path = ViewController.m; sourceTree = "<group>"; };
		E197E3631FA9AED10017D539 /* Base */ = {isa = PBXFileReference; lastKnownFileType = file.storyboard; name = Base; path = Base.lproj/Main.storyboard; sourceTree = "<group>"; };
		E197E3651FA9AED10017D539 /* Assets.xcassets */ = {isa = PBXFileReference; lastKnownFileType = folder.assetcatalog; path = Assets.xcassets; sourceTree = "<group>"; };
		E197E3681FA9AED10017D539 /* Base */ = {isa = PBXFileReference; lastKnownFileType = file.storyboard; name = Base; path = Base.lproj/LaunchScreen.storyboard; sourceTree = "<group>"; };
		E197E36A1FA9AED10017D539 /* Info.plist */ = {isa = PBXFileReference; lastKnownFileType = text.plist.xml; path = Info.plist; sourceTree = "<group>"; };
		E197E36B1FA9AED10017D539 /* main.m */ = {isa = PBXFileReference; lastKnownFileType = sourcecode.c.objc; path = main.m; sourceTree = "<group>"; };
		E197E3731FA9AF1A0017D539 /* AudioRecorderView.h */ = {isa = PBXFileReference; lastKnownFileType = sourcecode.c.h; path = AudioRecorderView.h; sourceTree = "<group>"; };
		E197E3741FA9AF1A0017D539 /* AudioRecorderView.m */ = {isa = PBXFileReference; lastKnownFileType = sourcecode.c.objc; path = AudioRecorderView.m; sourceTree = "<group>"; };
/* End PBXFileReference section */

/* Begin PBXFrameworksBuildPhase section */
		E197E3561FA9AED10017D539 /* Frameworks */ = {
			isa = PBXFrameworksBuildPhase;
			buildActionMask = 2147483647;
			files = (
			);
			runOnlyForDeploymentPostprocessing = 0;
		};
/* End PBXFrameworksBuildPhase section */

/* Begin PBXGroup section */
		E197E3501FA9AED10017D539 = {
			isa = PBXGroup;
			children = (
				E197E35B1FA9AED10017D539 /* AudioRecorder */,
				E197E35A1FA9AED10017D539 /* Products */,
			);
			sourceTree = "<group>";
		};
		E197E35A1FA9AED10017D539 /* Products */ = {
			isa = PBXGroup;
			children = (
				E197E3591FA9AED10017D539 /* AudioRecorder.app */,
			);
			name = Products;
			sourceTree = "<group>";
		};
		E197E35B1FA9AED10017D539 /* AudioRecorder */ = {
			isa = PBXGroup;
			children = (
				E197E3721FA9AEDC0017D539 /* AudioRecoderView */,
				E197E35C1FA9AED10017D539 /* AppDelegate.h */,
				E197E35D1FA9AED10017D539 /* AppDelegate.m */,
				E197E35F1FA9AED10017D539 /* ViewController.h */,
				E197E3601FA9AED10017D539 /* ViewController.m */,
				E197E3621FA9AED10017D539 /* Main.storyboard */,
				E197E3651FA9AED10017D539 /* Assets.xcassets */,
				E197E3671FA9AED10017D539 /* LaunchScreen.storyboard */,
				E197E36A1FA9AED10017D539 /* Info.plist */,
				E197E36B1FA9AED10017D539 /* main.m */,
			);
			path = AudioRecorder;
			sourceTree = "<group>";
		};
		E197E3721FA9AEDC0017D539 /* AudioRecoderView */ = {
			isa = PBXGroup;
			children = (
				E197E3731FA9AF1A0017D539 /* AudioRecorderView.h */,
				E197E3741FA9AF1A0017D539 /* AudioRecorderView.m */,
			);
			path = AudioRecoderView;
			sourceTree = "<group>";
		};
/* End PBXGroup section */

/* Begin PBXNativeTarget section */
		E197E3581FA9AED10017D539 /* AudioRecorder */ = {
			isa = PBXNativeTarget;
			buildConfigurationList = E197E36F1FA9AED10017D539 /* Build configuration list for PBXNativeTarget "AudioRecorder" */;
			buildPhases = (
				E197E3551FA9AED10017D539 /* Sources */,
				E197E3561FA9AED10017D539 /* Frameworks */,
				E197E3571FA9AED10017D539 /* Resources */,
			);
			buildRules = (
			);
			dependencies = (
			);
			name = AudioRecorder;
			productName = AudioRecorder;
			productReference = E197E3591FA9AED10017D539 /* AudioRecorder.app */;
			productType = "com.apple.product-type.application";
		};
/* End PBXNativeTarget section */

/* Begin PBXProject section */
		E197E3511FA9AED10017D539 /* Project object */ = {
			isa = PBXProject;
			attributes = {
				LastUpgradeCheck = 0900;
				ORGANIZATIONNAME = xiaoyanJia;
				TargetAttributes = {
					E197E3581FA9AED10017D539 = {
						CreatedOnToolsVersion = 9.0.1;
						ProvisioningStyle = Automatic;
					};
				};
			};
			buildConfigurationList = E197E3541FA9AED10017D539 /* Build configuration list for PBXProject "AudioRecorder" */;
			compatibilityVersion = "Xcode 8.0";
			developmentRegion = en;
			hasScannedForEncodings = 0;
			knownRegions = (
				en,
				Base,
			);
			mainGroup = E197E3501FA9AED10017D539;
			productRefGroup = E197E35A1FA9AED10017D539 /* Products */;
			projectDirPath = "";
			projectRoot = "";
			targets = (
				E197E3581FA9AED10017D539 /* AudioRecorder */,
			);
		};
/* End PBXProject section */

/* Begin PBXResourcesBuildPhase section */
		E197E3571FA9AED10017D539 /* Resources */ = {
			isa = PBXResourcesBuildPhase;
			buildActionMask = 2147483647;
			files = (
				E197E3691FA9AED10017D539 /* LaunchScreen.storyboard in Resources */,
				E197E3661FA9AED10017D539 /* Assets.xcassets in Resources */,
				E197E3641FA9AED10017D539 /* Main.storyboard in Resources */,
			);
			runOnlyForDeploymentPostprocessing = 0;
		};
/* End PBXResourcesBuildPhase section */

/* Begin PBXSourcesBuildPhase section */
		E197E3551FA9AED10017D539 /* Sources */ = {
			isa = PBXSourcesBuildPhase;
			buildActionMask = 2147483647;
			files = (
				E197E3611FA9AED10017D539 /* ViewController.m in Sources */,
				E197E3751FA9AF1A0017D539 /* AudioRecorderView.m in Sources */,
				E197E36C1FA9AED10017D539 /* main.m in Sources */,
				E197E35E1FA9AED10017D539 /* AppDelegate.m in Sources */,
			);
			runOnlyForDeploymentPostprocessing = 0;
		};
/* End PBXSourcesBuildPhase section */

/* Begin PBXVariantGroup section */
		E197E3621FA9AED10017D539 /* Main.storyboard */ = {
			isa = PBXVariantGroup;
			children = (
				E197E3631FA9AED10017D539 /* Base */,
			);
			name = Main.storyboard;
			sourceTree = "<group>";
		};
		E197E3671FA9AED10017D539 /* LaunchScreen.storyboard */ = {
			isa = PBXVariantGroup;
			children = (
				E197E3681FA9AED10017D539 /* Base */,
			);
			name = LaunchScreen.storyboard;
			sourceTree = "<group>";
		};
/* End PBXVariantGroup section */

/* Begin XCBuildConfiguration section */
		E197E36D1FA9AED10017D539 /* Debug */ = {
			isa = XCBuildConfiguration;
			buildSettings = {
				ALWAYS_SEARCH_USER_PATHS = NO;
				CLANG_ANALYZER_NONNULL = YES;
				CLANG_ANALYZER_NUMBER_OBJECT_CONVERSION = YES_AGGRESSIVE;
				CLANG_CXX_LANGUAGE_STANDARD = "gnu++14";
				CLANG_CXX_LIBRARY = "libc++";
				CLANG_ENABLE_MODULES = YES;
				CLANG_ENABLE_OBJC_ARC = YES;
				CLANG_WARN_BLOCK_CAPTURE_AUTORELEASING = YES;
				CLANG_WARN_BOOL_CONVERSION = YES;
				CLANG_WARN_COMMA = YES;
				CLANG_WARN_CONSTANT_CONVERSION = YES;
				CLANG_WARN_DIRECT_OBJC_ISA_USAGE = YES_ERROR;
				CLANG_WARN_DOCUMENTATION_COMMENTS = YES;
				CLANG_WARN_EMPTY_BODY = YES;
				CLANG_WARN_ENUM_CONVERSION = YES;
				CLANG_WARN_INFINITE_RECURSION = YES;
				CLANG_WARN_INT_CONVERSION = YES;
				CLANG_WARN_NON_LITERAL_NULL_CONVERSION = YES;
				CLANG_WARN_OBJC_LITERAL_CONVERSION = YES;
				CLANG_WARN_OBJC_ROOT_CLASS = YES_ERROR;
				CLANG_WARN_RANGE_LOOP_ANALYSIS = YES;
				CLANG_WARN_STRICT_PROTOTYPES = YES;
				CLANG_WARN_SUSPICIOUS_MOVE = YES;
				CLANG_WARN_UNGUARDED_AVAILABILITY = YES_AGGRESSIVE;
				CLANG_WARN_UNREACHABLE_CODE = YES;
				CLANG_WARN__DUPLICATE_METHOD_MATCH = YES;
				CODE_SIGN_IDENTITY = "iPhone Developer";
				COPY_PHASE_STRIP = NO;
				DEBUG_INFORMATION_FORMAT = dwarf;
				ENABLE_STRICT_OBJC_MSGSEND = YES;
				ENABLE_TESTABILITY = YES;
				GCC_C_LANGUAGE_STANDARD = gnu11;
				GCC_DYNAMIC_NO_PIC = NO;
				GCC_NO_COMMON_BLOCKS = YES;
				GCC_OPTIMIZATION_LEVEL = 0;
				GCC_PREPROCESSOR_DEFINITIONS = (
					"DEBUG=1",
					"$(inherited)",
				);
				GCC_WARN_64_TO_32_BIT_CONVERSION = YES;
				GCC_WARN_ABOUT_RETURN_TYPE = YES_ERROR;
				GCC_WARN_UNDECLARED_SELECTOR = YES;
				GCC_WARN_UNINITIALIZED_AUTOS = YES_AGGRESSIVE;
				GCC_WARN_UNUSED_FUNCTION = YES;
				GCC_WARN_UNUSED_VARIABLE = YES;
				IPHONEOS_DEPLOYMENT_TARGET = 11.0;
				MTL_ENABLE_DEBUG_INFO = YES;
				ONLY_ACTIVE_ARCH = YES;
				SDKROOT = iphoneos;
			};
			name = Debug;
		};
		E197E36E1FA9AED10017D539 /* Release */ = {
			isa = XCBuildConfiguration;
			buildSettings = {
				ALWAYS_SEARCH_USER_PATHS = NO;
				CLANG_ANALYZER_NONNULL = YES;
				CLANG_ANALYZER_NUMBER_OBJECT_CONVERSION = YES_AGGRESSIVE;
				CLANG_CXX_LANGUAGE_STANDARD = "gnu++14";
				CLANG_CXX_LIBRARY = "libc++";
				CLANG_ENABLE_MODULES = YES;
				CLANG_ENABLE_OBJC_ARC = YES;
				CLANG_WARN_BLOCK_CAPTURE_AUTORELEASING = YES;
				CLANG_WARN_BOOL_CONVERSION = YES;
				CLANG_WARN_COMMA = YES;
				CLANG_WARN_CONSTANT_CONVERSION = YES;
				CLANG_WARN_DIRECT_OBJC_ISA_USAGE = YES_ERROR;
				CLANG_WARN_DOCUMENTATION_COMMENTS = YES;
				CLANG_WARN_EMPTY_BODY = YES;
				CLANG_WARN_ENUM_CONVERSION = YES;
				CLANG_WARN_INFINITE_RECURSION = YES;
				CLANG_WARN_INT_CONVERSION = YES;
				CLANG_WARN_NON_LITERAL_NULL_CONVERSION = YES;
				CLANG_WARN_OBJC_LITERAL_CONVERSION = YES;
				CLANG_WARN_OBJC_ROOT_CLASS = YES_ERROR;
				CLANG_WARN_RANGE_LOOP_ANALYSIS = YES;
				CLANG_WARN_STRICT_PROTOTYPES = YES;
				CLANG_WARN_SUSPICIOUS_MOVE = YES;
				CLANG_WARN_UNGUARDED_AVAILABILITY = YES_AGGRESSIVE;
				CLANG_WARN_UNREACHABLE_CODE = YES;
				CLANG_WARN__DUPLICATE_METHOD_MATCH = YES;
				CODE_SIGN_IDENTITY = "iPhone Developer";
				COPY_PHASE_STRIP = NO;
				DEBUG_INFORMATION_FORMAT = "dwarf-with-dsym";
				ENABLE_NS_ASSERTIONS = NO;
				ENABLE_STRICT_OBJC_MSGSEND = YES;
				GCC_C_LANGUAGE_STANDARD = gnu11;
				GCC_NO_COMMON_BLOCKS = YES;
				GCC_WARN_64_TO_32_BIT_CONVERSION = YES;
				GCC_WARN_ABOUT_RETURN_TYPE = YES_ERROR;
				GCC_WARN_UNDECLARED_SELECTOR = YES;
				GCC_WARN_UNINITIALIZED_AUTOS = YES_AGGRESSIVE;
				GCC_WARN_UNUSED_FUNCTION = YES;
				GCC_WARN_UNUSED_VARIABLE = YES;
				IPHONEOS_DEPLOYMENT_TARGET = 11.0;
				MTL_ENABLE_DEBUG_INFO = NO;
				SDKROOT = iphoneos;
				VALIDATE_PRODUCT = YES;
			};
			name = Release;
		};
		E197E3701FA9AED10017D539 /* Debug */ = {
			isa = XCBuildConfiguration;
			buildSettings = {
				ASSETCATALOG_COMPILER_APPICON_NAME = AppIcon;
				CODE_SIGN_STYLE = Automatic;
				INFOPLIST_FILE = AudioRecorder/Info.plist;
				LD_RUNPATH_SEARCH_PATHS = "$(inherited) @executable_path/Frameworks";
				PRODUCT_BUNDLE_IDENTIFIER = personalDemo.AudioRecorder;
				PRODUCT_NAME = "$(TARGET_NAME)";
				TARGETED_DEVICE_FAMILY = "1,2";
			};
			name = Debug;
		};
		E197E3711FA9AED10017D539 /* Release */ = {
			isa = XCBuildConfiguration;
			buildSettings = {
				ASSETCATALOG_COMPILER_APPICON_NAME = AppIcon;
				CODE_SIGN_STYLE = Automatic;
				INFOPLIST_FILE = AudioRecorder/Info.plist;
				LD_RUNPATH_SEARCH_PATHS = "$(inherited) @executable_path/Frameworks";
				PRODUCT_BUNDLE_IDENTIFIER = personalDemo.AudioRecorder;
				PRODUCT_NAME = "$(TARGET_NAME)";
				TARGETED_DEVICE_FAMILY = "1,2";
			};
			name = Release;
		};
/* End XCBuildConfiguration section */

/* Begin XCConfigurationList section */
		E197E3541FA9AED10017D539 /* Build configuration list for PBXProject "AudioRecorder" */ = {
			isa = XCConfigurationList;
			buildConfigurations = (
				E197E36D1FA9AED10017D539 /* Debug */,
				E197E36E1FA9AED10017D539 /* Release */,
			);
			defaultConfigurationIsVisible = 0;
			defaultConfigurationName = Release;
		};
		E197E36F1FA9AED10017D539 /* Build configuration list for PBXNativeTarget "AudioRecorder" */ = {
			isa = XCConfigurationList;
			buildConfigurations = (
				E197E3701FA9AED10017D539 /* Debug */,
				E197E3711FA9AED10017D539 /* Release */,
			);
			defaultConfigurationIsVisible = 0;
			defaultConfigurationName = Release;
		};
/* End XCConfigurationList section */
	};
	rootObject = E197E3511FA9AED10017D539 /* Project object */;
}
